
Microsoft Visual Studio Solution File, Format Version 12.00
# Visual Studio Version 17
VisualStudioVersion = 17.9.34728.123
MinimumVisualStudioVersion = 10.0.40219.1
Project("{8BC9CEB8-8B4A-11D0-8D11-00A0C91BC942}") = "homework2_1", "homework2_1\homework2_1.vcxproj", "{34DEF6D5-1733-4B48-8DB8-831121283740}"
EndProject
Project("{8BC9CEB8-8B4A-11D0-8D11-00A0C91BC942}") = "homework2_2", "homework2_2\homework2_2.vcxproj", "{99C0B23C-5E6F-4462-B422-22E23F55C685}"
EndProject
Project("{8BC9CEB8-8B4A-11D0-8D11-00A0C91BC942}") = "homework2_3", "homework2_3\homework2_3.vcxproj", "{A6BA8743-41E1-4BEE-AF6E-A442B97CE81C}"
EndProject
Project("{8BC9CEB8-8B4A-11D0-8D11-00A0C91BC942}") = "homework1", "homework1\homework1.vcxproj", "{DF57FAFC-42B3-4F94-BA17-1123974F1B6A}"
EndProject
Project("{8BC9CEB8-8B4A-11D0-8D11-00A0C91BC942}") = "homework3", "homework3\homework3.vcxproj", "{3BACBF8A-8C52-480B-9A6F-A588FBB42895}"
EndProject
Project("{8BC9CEB8-8B4A-11D0-8D11-00A0C91BC942}") = "homework4_2+3", "homework4_2+3\homework4_2+3.vcxproj", "{95C9AF05-00AE-414A-89E9-4A9E965D1A0F}"
EndProject
Project("{8BC9CEB8-8B4A-11D0-8D11-00A0C91BC942}") = "homework4_4+5", "homework4_4+5\homework4_4+5.vcxproj", "{711FFC9B-D455-4AEB-A7A7-A3C211134CDD}"
EndProject
Project("{8BC9CEB8-8B4A-11D0-8D11-00A0C91BC942}") = "homework4_1", "homework4_1\homework4_1.vcxproj", "{6BBCDEE4-9C94-4594-832E-E3C6C61A0014}"
EndProject
Project("{8BC9CEB8-8B4A-11D0-8D11-00A0C91BC942}") = "homework5_1+2", "homework5_1+2\homework5_1+2.vcxproj", "{B1DE6918-95AA-479D-AAC6-B666A7535A92}"
EndProject
Project("{8BC9CEB8-8B4A-11D0-8D11-00A0C91BC942}") = "homework5_3", "homework5_3\homework5_3.vcxproj", "{32E3CFF1-C8DE-4C0A-8867-369F2948CEE5}"
EndProject
Project("{8BC9CEB8-8B4A-11D0-8D11-00A0C91BC942}") = "homework5_4", "homework5_4\homework5_4.vcxproj", "{AE6ADC38-FC59-473F-BDB6-10C5ABC79429}"
EndProject
Project("{8BC9CEB8-8B4A-11D0-8D11-00A0C91BC942}") = "homework5_5+6", "homework5_5+6\homework5_5+6.vcxproj", "{C666B63E-BDF1-436E-9443-5BBA26402E15}"
EndProject
Global
	GlobalSection(SolutionConfigurationPlatforms) = preSolution
		Debug|x64 = Debug|x64
		Debug|x86 = Debug|x86
		Release|x64 = Release|x64
		Release|x86 = Release|x86
	EndGlobalSection
	GlobalSection(ProjectConfigurationPlatforms) = postSolution
		{34DEF6D5-1733-4B48-8DB8-831121283740}.Debug|x64.ActiveCfg = Debug|x64
		{34DEF6D5-1733-4B48-8DB8-831121283740}.Debug|x64.Build.0 = Debug|x64
		{34DEF6D5-1733-4B48-8DB8-831121283740}.Debug|x86.ActiveCfg = Debug|Win32
		{34DEF6D5-1733-4B48-8DB8-831121283740}.Debug|x86.Build.0 = Debug|Win32
		{34DEF6D5-1733-4B48-8DB8-831121283740}.Release|x64.ActiveCfg = Release|x64
		{34DEF6D5-1733-4B48-8DB8-831121283740}.Release|x64.Build.0 = Release|x64
		{34DEF6D5-1733-4B48-8DB8-831121283740}.Release|x86.ActiveCfg = Release|Win32
		{34DEF6D5-1733-4B48-8DB8-831121283740}.Release|x86.Build.0 = Release|Win32
		{99C0B23C-5E6F-4462-B422-22E23F55C685}.Debug|x64.ActiveCfg = Debug|x64
		{99C0B23C-5E6F-4462-B422-22E23F55C685}.Debug|x64.Build.0 = Debug|x64
		{99C0B23C-5E6F-4462-B422-22E23F55C685}.Debug|x86.ActiveCfg = Debug|Win32
		{99C0B23C-5E6F-4462-B422-22E23F55C685}.Debug|x86.Build.0 = Debug|Win32
		{99C0B23C-5E6F-4462-B422-22E23F55C685}.Release|x64.ActiveCfg = Release|x64
		{99C0B23C-5E6F-4462-B422-22E23F55C685}.Release|x64.Build.0 = Release|x64
		{99C0B23C-5E6F-4462-B422-22E23F55C685}.Release|x86.ActiveCfg = Release|Win32
		{99C0B23C-5E6F-4462-B422-22E23F55C685}.Release|x86.Build.0 = Release|Win32
		{A6BA8743-41E1-4BEE-AF6E-A442B97CE81C}.Debug|x64.ActiveCfg = Debug|x64
		{A6BA8743-41E1-4BEE-AF6E-A442B97CE81C}.Debug|x64.Build.0 = Debug|x64
		{A6BA8743-41E1-4BEE-AF6E-A442B97CE81C}.Debug|x86.ActiveCfg = Debug|Win32
		{A6BA8743-41E1-4BEE-AF6E-A442B97CE81C}.Debug|x86.Build.0 = Debug|Win32
		{A6BA8743-41E1-4BEE-AF6E-A442B97CE81C}.Release|x64.ActiveCfg = Release|x64
		{A6BA8743-41E1-4BEE-AF6E-A442B97CE81C}.Release|x64.Build.0 = Release|x64
		{A6BA8743-41E1-4BEE-AF6E-A442B97CE81C}.Release|x86.ActiveCfg = Release|Win32
		{A6BA8743-41E1-4BEE-AF6E-A442B97CE81C}.Release|x86.Build.0 = Release|Win32
		{DF57FAFC-42B3-4F94-BA17-1123974F1B6A}.Debug|x64.ActiveCfg = Debug|x64
		{DF57FAFC-42B3-4F94-BA17-1123974F1B6A}.Debug|x64.Build.0 = Debug|x64
		{DF57FAFC-42B3-4F94-BA17-1123974F1B6A}.Debug|x86.ActiveCfg = Debug|Win32
		{DF57FAFC-42B3-4F94-BA17-1123974F1B6A}.Debug|x86.Build.0 = Debug|Win32
		{DF57FAFC-42B3-4F94-BA17-1123974F1B6A}.Release|x64.ActiveCfg = Release|x64
		{DF57FAFC-42B3-4F94-BA17-1123974F1B6A}.Release|x64.Build.0 = Release|x64
		{DF57FAFC-42B3-4F94-BA17-1123974F1B6A}.Release|x86.ActiveCfg = Release|Win32
		{DF57FAFC-42B3-4F94-BA17-1123974F1B6A}.Release|x86.Build.0 = Release|Win32
		{3BACBF8A-8C52-480B-9A6F-A588FBB42895}.Debug|x64.ActiveCfg = Debug|x64
		{3BACBF8A-8C52-480B-9A6F-A588FBB42895}.Debug|x64.Build.0 = Debug|x64
		{3BACBF8A-8C52-480B-9A6F-A588FBB42895}.Debug|x86.ActiveCfg = Debug|Win32
		{3BACBF8A-8C52-480B-9A6F-A588FBB42895}.Debug|x86.Build.0 = Debug|Win32
		{3BACBF8A-8C52-480B-9A6F-A588FBB42895}.Release|x64.ActiveCfg = Release|x64
		{3BACBF8A-8C52-480B-9A6F-A588FBB42895}.Release|x64.Build.0 = Release|x64
		{3BACBF8A-8C52-480B-9A6F-A588FBB42895}.Release|x86.ActiveCfg = Release|Win32
		{3BACBF8A-8C52-480B-9A6F-A588FBB42895}.Release|x86.Build.0 = Release|Win32
		{95C9AF05-00AE-414A-89E9-4A9E965D1A0F}.Debug|x64.ActiveCfg = Debug|x64
		{95C9AF05-00AE-414A-89E9-4A9E965D1A0F}.Debug|x64.Build.0 = Debug|x64
		{95C9AF05-00AE-414A-89E9-4A9E965D1A0F}.Debug|x86.ActiveCfg = Debug|Win32
		{95C9AF05-00AE-414A-89E9-4A9E965D1A0F}.Debug|x86.Build.0 = Debug|Win32
		{95C9AF05-00AE-414A-89E9-4A9E965D1A0F}.Release|x64.ActiveCfg = Release|x64
		{95C9AF05-00AE-414A-89E9-4A9E965D1A0F}.Release|x64.Build.0 = Release|x64
		{95C9AF05-00AE-414A-89E9-4A9E965D1A0F}.Release|x86.ActiveCfg = Release|Win32
		{95C9AF05-00AE-414A-89E9-4A9E965D1A0F}.Release|x86.Build.0 = Release|Win32
		{711FFC9B-D455-4AEB-A7A7-A3C211134CDD}.Debug|x64.ActiveCfg = Debug|x64
		{711FFC9B-D455-4AEB-A7A7-A3C211134CDD}.Debug|x64.Build.0 = Debug|x64
		{711FFC9B-D455-4AEB-A7A7-A3C211134CDD}.Debug|x86.ActiveCfg = Debug|Win32
		{711FFC9B-D455-4AEB-A7A7-A3C211134CDD}.Debug|x86.Build.0 = Debug|Win32
		{711FFC9B-D455-4AEB-A7A7-A3C211134CDD}.Release|x64.ActiveCfg = Release|x64
		{711FFC9B-D455-4AEB-A7A7-A3C211134CDD}.Release|x64.Build.0 = Release|x64
		{711FFC9B-D455-4AEB-A7A7-A3C211134CDD}.Release|x86.ActiveCfg = Release|Win32
		{711FFC9B-D455-4AEB-A7A7-A3C211134CDD}.Release|x86.Build.0 = Release|Win32
		{6BBCDEE4-9C94-4594-832E-E3C6C61A0014}.Debug|x64.ActiveCfg = Debug|x64
		{6BBCDEE4-9C94-4594-832E-E3C6C61A0014}.Debug|x64.Build.0 = Debug|x64
		{6BBCDEE4-9C94-4594-832E-E3C6C61A0014}.Debug|x86.ActiveCfg = Debug|Win32
		{6BBCDEE4-9C94-4594-832E-E3C6C61A0014}.Debug|x86.Build.0 = Debug|Win32
		{6BBCDEE4-9C94-4594-832E-E3C6C61A0014}.Release|x64.ActiveCfg = Release|x64
		{6BBCDEE4-9C94-4594-832E-E3C6C61A0014}.Release|x64.Build.0 = Release|x64
		{6BBCDEE4-9C94-4594-832E-E3C6C61A0014}.Release|x86.ActiveCfg = Release|Win32
		{6BBCDEE4-9C94-4594-832E-E3C6C61A0014}.Release|x86.Build.0 = Release|Win32
		{B1DE6918-95AA-479D-AAC6-B666A7535A92}.Debug|x64.ActiveCfg = Debug|x64
		{B1DE6918-95AA-479D-AAC6-B666A7535A92}.Debug|x64.Build.0 = Debug|x64
		{B1DE6918-95AA-479D-AAC6-B666A7535A92}.Debug|x86.ActiveCfg = Debug|Win32
		{B1DE6918-95AA-479D-AAC6-B666A7535A92}.Debug|x86.Build.0 = Debug|Win32
		{B1DE6918-95AA-479D-AAC6-B666A7535A92}.Release|x64.ActiveCfg = Release|x64
		{B1DE6918-95AA-479D-AAC6-B666A7535A92}.Release|x64.Build.0 = Release|x64
		{B1DE6918-95AA-479D-AAC6-B666A7535A92}.Release|x86.ActiveCfg = Release|Win32
		{B1DE6918-95AA-479D-AAC6-B666A7535A92}.Release|x86.Build.0 = Release|Win32
		{32E3CFF1-C8DE-4C0A-8867-369F2948CEE5}.Debug|x64.ActiveCfg = Debug|x64
		{32E3CFF1-C8DE-4C0A-8867-369F2948CEE5}.Debug|x64.Build.0 = Debug|x64
		{32E3CFF1-C8DE-4C0A-8867-369F2948CEE5}.Debug|x86.ActiveCfg = Debug|Win32
		{32E3CFF1-C8DE-4C0A-8867-369F2948CEE5}.Debug|x86.Build.0 = Debug|Win32
		{32E3CFF1-C8DE-4C0A-8867-369F2948CEE5}.Release|x64.ActiveCfg = Release|x64
		{32E3CFF1-C8DE-4C0A-8867-369F2948CEE5}.Release|x64.Build.0 = Release|x64
		{32E3CFF1-C8DE-4C0A-8867-369F2948CEE5}.Release|x86.ActiveCfg = Release|Win32
		{32E3CFF1-C8DE-4C0A-8867-369F2948CEE5}.Release|x86.Build.0 = Release|Win32
		{AE6ADC38-FC59-473F-BDB6-10C5ABC79429}.Debug|x64.ActiveCfg = Debug|x64
		{AE6ADC38-FC59-473F-BDB6-10C5ABC79429}.Debug|x64.Build.0 = Debug|x64
		{AE6ADC38-FC59-473F-BDB6-10C5ABC79429}.Debug|x86.ActiveCfg = Debug|Win32
		{AE6ADC38-FC59-473F-BDB6-10C5ABC79429}.Debug|x86.Build.0 = Debug|Win32
		{AE6ADC38-FC59-473F-BDB6-10C5ABC79429}.Release|x64.ActiveCfg = Release|x64
		{AE6ADC38-FC59-473F-BDB6-10C5ABC79429}.Release|x64.Build.0 = Release|x64
		{AE6ADC38-FC59-473F-BDB6-10C5ABC79429}.Release|x86.ActiveCfg = Release|Win32
		{AE6ADC38-FC59-473F-BDB6-10C5ABC79429}.Release|x86.Build.0 = Release|Win32
		{C666B63E-BDF1-436E-9443-5BBA26402E15}.Debug|x64.ActiveCfg = Debug|x64
		{C666B63E-BDF1-436E-9443-5BBA26402E15}.Debug|x64.Build.0 = Debug|x64
		{C666B63E-BDF1-436E-9443-5BBA26402E15}.Debug|x86.ActiveCfg = Debug|Win32
		{C666B63E-BDF1-436E-9443-5BBA26402E15}.Debug|x86.Build.0 = Debug|Win32
		{C666B63E-BDF1-436E-9443-5BBA26402E15}.Release|x64.ActiveCfg = Release|x64
		{C666B63E-BDF1-436E-9443-5BBA26402E15}.Release|x64.Build.0 = Release|x64
		{C666B63E-BDF1-436E-9443-5BBA26402E15}.Release|x86.ActiveCfg = Release|Win32
		{C666B63E-BDF1-436E-9443-5BBA26402E15}.Release|x86.Build.0 = Release|Win32
	EndGlobalSection
	GlobalSection(SolutionProperties) = preSolution
		HideSolutionNode = FALSE
	EndGlobalSection
	GlobalSection(ExtensibilityGlobals) = postSolution
		SolutionGuid = {2D045996-88A9-4148-9D75-B25D6875A0A2}
	EndGlobalSection
EndGlobal
